
Microsoft Visual Studio Solution File, Format Version 12.00
# Visual Studio 15
VisualStudioVersion = 15.0.27703.2026
MinimumVisualStudioVersion = 10.0.40219.1
Project("{FAE04EC0-301F-11D3-BF4B-00C04F79EFBC}") = "Olbrasoft.Travel.Web.Mvc", "Olbrasoft.Travel.Web.Mvc\Olbrasoft.Travel.Web.Mvc.csproj", "{45FF8307-64D7-4CED-B398-FBC833FB9BFE}"
EndProject
Project("{FAE04EC0-301F-11D3-BF4B-00C04F79EFBC}") = "Olbrasoft.Travel.Data.Entity", "Olbrasoft.Travel.Data.Entity\Olbrasoft.Travel.Data.Entity.csproj", "{B47EE928-2611-4D10-8316-C1B0B1EE768B}"
EndProject
Project("{2150E333-8FDC-42A3-9474-1A3956D46DE8}") = "Shared", "Shared", "{4CA3E86B-5BE4-4952-BE7F-418148CD4D2E}"
EndProject
Project("{FAE04EC0-301F-11D3-BF4B-00C04F79EFBC}") = "Olbrasoft.Shared", "Olbrasoft.Shared\Olbrasoft.Shared.csproj", "{C0B70C19-FA51-4F92-BF74-D065749D4DB6}"
EndProject
Project("{FAE04EC0-301F-11D3-BF4B-00C04F79EFBC}") = "Olbrasoft.Shared.UnitTest", "Olbrasoft.Shared.UnitTest\Olbrasoft.Shared.UnitTest.csproj", "{7F6412BE-0596-492D-A152-098A67569351}"
EndProject
Project("{FAE04EC0-301F-11D3-BF4B-00C04F79EFBC}") = "Olbrasoft.Design.Pattern", "Olbrasoft.Design.Pattern\Olbrasoft.Design.Pattern.csproj", "{3F5C7AE5-8796-44B4-84D2-1617E0CC308E}"
EndProject
Project("{2150E333-8FDC-42A3-9474-1A3956D46DE8}") = "Tests", "Tests", "{D0F453E2-AD78-4E48-A604-4113A79E3C7A}"
EndProject
Project("{FAE04EC0-301F-11D3-BF4B-00C04F79EFBC}") = "Olbrasoft.Pagination", "Olbrasoft.Pagination\Olbrasoft.Pagination.csproj", "{91D6B045-C17B-4907-8058-A4DAE3F1DD49}"
EndProject
Project("{FAE04EC0-301F-11D3-BF4B-00C04F79EFBC}") = "Olbrasoft.Pagination.UnitTest", "Olbrasoft.Pagination.UnitTest\Olbrasoft.Pagination.UnitTest.csproj", "{9349A072-F80E-4CB2-972A-2298671832B3}"
EndProject
Project("{FAE04EC0-301F-11D3-BF4B-00C04F79EFBC}") = "Olbrasoft.Travel.ExpediaAffiliateNetwork.Import", "Olbrasoft.Travel.ExpediaAffiliateNetwork.Import\Olbrasoft.Travel.ExpediaAffiliateNetwork.Import.csproj", "{C57AA65D-5282-4B2F-84C7-DAF46D284380}"
EndProject
Project("{FAE04EC0-301F-11D3-BF4B-00C04F79EFBC}") = "Olbrasoft.Data.Entity.Bulk", "Olbrasoft.Data.Entity.Bulk\Olbrasoft.Data.Entity.Bulk.csproj", "{96F5E96A-B233-4E65-A114-1733DD1A49D5}"
EndProject
Project("{FAE04EC0-301F-11D3-BF4B-00C04F79EFBC}") = "Olbrasoft.Travel.Business.UnitTest", "Olbrasoft.Travel.Business.UnitTest\Olbrasoft.Travel.Business.UnitTest.csproj", "{BFDE00E9-3C45-4EAF-8834-D73A3320496F}"
EndProject
Project("{FAE04EC0-301F-11D3-BF4B-00C04F79EFBC}") = "Olbrasoft.Travel.Business", "Olbrasoft.Travel.Business\Olbrasoft.Travel.Business.csproj", "{5C7D643F-6620-48E5-9966-EF30FD6E6272}"
EndProject
Project("{FAE04EC0-301F-11D3-BF4B-00C04F79EFBC}") = "Olbrasoft.Data", "Olbrasoft.Data\Olbrasoft.Data.csproj", "{C38F7833-3953-4E1C-AF9C-1E9A2C3B738B}"
EndProject
Project("{FAE04EC0-301F-11D3-BF4B-00C04F79EFBC}") = "Olbrasoft.Castle", "Olbrasoft.Castle\Olbrasoft.Castle.csproj", "{CDAE0EE0-6555-44F6-B1C3-FB7866318756}"
EndProject
Project("{FAE04EC0-301F-11D3-BF4B-00C04F79EFBC}") = "Olbrasoft.Travel.Data", "Olbrasoft.Travel.Data\Olbrasoft.Travel.Data.csproj", "{8A74E643-324D-4769-A8C5-2F013819A6DD}"
EndProject
Project("{FAE04EC0-301F-11D3-BF4B-00C04F79EFBC}") = "Olbrasoft.Design.Pattern.UnitTest", "Olbrasoft.Design.Pattern.UnitTest\Olbrasoft.Design.Pattern.UnitTest.csproj", "{676D810A-B427-4865-9C9F-1883E6D59FE9}"
EndProject
Project("{FAE04EC0-301F-11D3-BF4B-00C04F79EFBC}") = "Olbrasoft.Business", "Olbrasoft.Business\Olbrasoft.Business.csproj", "{9E9089A2-2B27-4D35-BD0B-56AB1C3F2A9C}"
EndProject
Project("{FAE04EC0-301F-11D3-BF4B-00C04F79EFBC}") = "Olbrasoft.Travel.Data.Unit.Tests", "Olbrasoft.Travel.Data.Unit.Tests\Olbrasoft.Travel.Data.Unit.Tests.csproj", "{B8685B8C-0185-4CD4-B286-8F5990EFCCE7}"
EndProject
Project("{FAE04EC0-301F-11D3-BF4B-00C04F79EFBC}") = "Olbrasoft.Travel.Data.Entity.Unit.Tests", "Olbrasoft.Travel.Data.Entity.Unit.Tests\Olbrasoft.Travel.Data.Entity.Unit.Tests.csproj", "{63AB10AD-3624-4CD5-A763-5755CA27324B}"
EndProject
Project("{FAE04EC0-301F-11D3-BF4B-00C04F79EFBC}") = "Olbrasoft.Travel.Data.Entity.Query.Unit.Tests", "Olbrasoft.Travel.Data.Entity.Query.Unit.Tests\Olbrasoft.Travel.Data.Entity.Query.Unit.Tests.csproj", "{77180B05-2B7D-4256-B9CB-8B51E9D1D81D}"
EndProject
Project("{FAE04EC0-301F-11D3-BF4B-00C04F79EFBC}") = "Olbrasoft.Castle.Unit.Tests", "Olbrasoft.Castle.Unit.Tests\Olbrasoft.Castle.Unit.Tests.csproj", "{453FF257-3123-4B99-9811-CA1DE900A2D5}"
EndProject
Project("{FAE04EC0-301F-11D3-BF4B-00C04F79EFBC}") = "Olbrasoft.Data.Unit.Tests", "Olbrasoft.Data.Unit.Tests\Olbrasoft.Data.Unit.Tests.csproj", "{2A3BE905-9FA9-43CB-898B-FAE37A707696}"
EndProject
Project("{FAE04EC0-301F-11D3-BF4B-00C04F79EFBC}") = "Olbrasoft.Data.Entity", "Olbrasoft.Data.Entity\Olbrasoft.Data.Entity.csproj", "{59A1C67F-284E-480A-A0B4-E9232FAC298A}"
EndProject
Project("{FAE04EC0-301F-11D3-BF4B-00C04F79EFBC}") = "Olbrasoft.Collections", "Olbrasoft.Collections\Olbrasoft.Collections.csproj", "{60E9C8DE-CAD1-4BC3-8BBD-249B0437FBEE}"
EndProject
Project("{FAE04EC0-301F-11D3-BF4B-00C04F79EFBC}") = "Olbrasoft.Collections.Unit.Tests", "Olbrasoft.Collections.Unit.Tests\Olbrasoft.Collections.Unit.Tests.csproj", "{50A9C10F-B524-4BC8-B589-015634B6A2D6}"
EndProject
Project("{FAE04EC0-301F-11D3-BF4B-00C04F79EFBC}") = "Olbrasoft.Pagination.Unit.Test", "Olbrasoft.Pagination.Unit.Test\Olbrasoft.Pagination.Unit.Test.csproj", "{C5A8BC42-36E5-451A-98C2-742D99C03C5D}"
EndProject
Project("{FAE04EC0-301F-11D3-BF4B-00C04F79EFBC}") = "Olbrasoft.Travel.Business.Unit.Tests", "Olbrasoft.Travel.Business.Unit.Tests\Olbrasoft.Travel.Business.Unit.Tests.csproj", "{536CC3A3-DECA-4580-B631-120CBC89FDEF}"
EndProject
Project("{FAE04EC0-301F-11D3-BF4B-00C04F79EFBC}") = "Olbrasoft.Globalization", "Olbrasoft.Globalization\Olbrasoft.Globalization.csproj", "{BB7C99FF-E9A6-4590-8AF3-D3CE93C3F37E}"
EndProject
Project("{FAE04EC0-301F-11D3-BF4B-00C04F79EFBC}") = "Olbrasoft.Travel.Data.Entity.Repositories", "Olbrasoft.Travel.Data.Entity.Repositories\Olbrasoft.Travel.Data.Entity.Repositories.csproj", "{74E808AF-107A-4021-9D05-8136313E8E50}"
EndProject
Project("{FAE04EC0-301F-11D3-BF4B-00C04F79EFBC}") = "Olbrasoft.Data.Entity.Unit.Tests", "Olbrasoft.Data.Entity.Unit.Tests\Olbrasoft.Data.Entity.Unit.Tests.csproj", "{426DA8F5-E126-4EED-8111-5EC1AAF8EBBB}"
EndProject
Project("{FAE04EC0-301F-11D3-BF4B-00C04F79EFBC}") = "Olbrasoft.Dependence.Unit.Tests", "Olbrasoft.Dependence.Unit.Tests\Olbrasoft.Dependence.Unit.Tests.csproj", "{0B979782-3506-4DAC-89ED-FBE648666277}"
EndProject
Project("{FAE04EC0-301F-11D3-BF4B-00C04F79EFBC}") = "Olbrasoft.Dependence", "Olbrasoft.Dependence\Olbrasoft.Dependence.csproj", "{83F1CF06-CC30-4EE3-9AC2-8F6F5AA4A7EB}"
EndProject
Project("{FAE04EC0-301F-11D3-BF4B-00C04F79EFBC}") = "Olbrasoft.Travel.Data.Entities", "Olbrasoft.Travel.Data.Entities\Olbrasoft.Travel.Data.Entities.csproj", "{3FBBE85F-BA2D-4925-AA84-371A12710254}"
EndProject
Project("{FAE04EC0-301F-11D3-BF4B-00C04F79EFBC}") = "Olbrasoft.Travel.Expedia.Affiliate.Network", "Olbrasoft.Travel.Expedia.Affiliate.Network\Olbrasoft.Travel.Expedia.Affiliate.Network.csproj", "{F8FB0C30-EDA5-4AA5-B558-E07D16257418}"
EndProject
Global
	GlobalSection(SolutionConfigurationPlatforms) = preSolution
		Debug|Any CPU = Debug|Any CPU
		Release|Any CPU = Release|Any CPU
	EndGlobalSection
	GlobalSection(ProjectConfigurationPlatforms) = postSolution
		{45FF8307-64D7-4CED-B398-FBC833FB9BFE}.Debug|Any CPU.ActiveCfg = Debug|Any CPU
		{45FF8307-64D7-4CED-B398-FBC833FB9BFE}.Debug|Any CPU.Build.0 = Debug|Any CPU
		{45FF8307-64D7-4CED-B398-FBC833FB9BFE}.Release|Any CPU.ActiveCfg = Release|Any CPU
		{45FF8307-64D7-4CED-B398-FBC833FB9BFE}.Release|Any CPU.Build.0 = Release|Any CPU
		{B47EE928-2611-4D10-8316-C1B0B1EE768B}.Debug|Any CPU.ActiveCfg = Debug|Any CPU
		{B47EE928-2611-4D10-8316-C1B0B1EE768B}.Debug|Any CPU.Build.0 = Debug|Any CPU
		{B47EE928-2611-4D10-8316-C1B0B1EE768B}.Release|Any CPU.ActiveCfg = Release|Any CPU
		{B47EE928-2611-4D10-8316-C1B0B1EE768B}.Release|Any CPU.Build.0 = Release|Any CPU
		{C0B70C19-FA51-4F92-BF74-D065749D4DB6}.Debug|Any CPU.ActiveCfg = Debug|Any CPU
		{C0B70C19-FA51-4F92-BF74-D065749D4DB6}.Debug|Any CPU.Build.0 = Debug|Any CPU
		{C0B70C19-FA51-4F92-BF74-D065749D4DB6}.Release|Any CPU.ActiveCfg = Release|Any CPU
		{C0B70C19-FA51-4F92-BF74-D065749D4DB6}.Release|Any CPU.Build.0 = Release|Any CPU
		{7F6412BE-0596-492D-A152-098A67569351}.Debug|Any CPU.ActiveCfg = Debug|Any CPU
		{7F6412BE-0596-492D-A152-098A67569351}.Debug|Any CPU.Build.0 = Debug|Any CPU
		{7F6412BE-0596-492D-A152-098A67569351}.Release|Any CPU.ActiveCfg = Release|Any CPU
		{7F6412BE-0596-492D-A152-098A67569351}.Release|Any CPU.Build.0 = Release|Any CPU
		{3F5C7AE5-8796-44B4-84D2-1617E0CC308E}.Debug|Any CPU.ActiveCfg = Debug|Any CPU
		{3F5C7AE5-8796-44B4-84D2-1617E0CC308E}.Debug|Any CPU.Build.0 = Debug|Any CPU
		{3F5C7AE5-8796-44B4-84D2-1617E0CC308E}.Release|Any CPU.ActiveCfg = Release|Any CPU
		{3F5C7AE5-8796-44B4-84D2-1617E0CC308E}.Release|Any CPU.Build.0 = Release|Any CPU
		{91D6B045-C17B-4907-8058-A4DAE3F1DD49}.Debug|Any CPU.ActiveCfg = Debug|Any CPU
		{91D6B045-C17B-4907-8058-A4DAE3F1DD49}.Debug|Any CPU.Build.0 = Debug|Any CPU
		{91D6B045-C17B-4907-8058-A4DAE3F1DD49}.Release|Any CPU.ActiveCfg = Release|Any CPU
		{91D6B045-C17B-4907-8058-A4DAE3F1DD49}.Release|Any CPU.Build.0 = Release|Any CPU
		{9349A072-F80E-4CB2-972A-2298671832B3}.Debug|Any CPU.ActiveCfg = Debug|Any CPU
		{9349A072-F80E-4CB2-972A-2298671832B3}.Debug|Any CPU.Build.0 = Debug|Any CPU
		{9349A072-F80E-4CB2-972A-2298671832B3}.Release|Any CPU.ActiveCfg = Release|Any CPU
		{9349A072-F80E-4CB2-972A-2298671832B3}.Release|Any CPU.Build.0 = Release|Any CPU
		{C57AA65D-5282-4B2F-84C7-DAF46D284380}.Debug|Any CPU.ActiveCfg = Debug|Any CPU
		{C57AA65D-5282-4B2F-84C7-DAF46D284380}.Debug|Any CPU.Build.0 = Debug|Any CPU
		{C57AA65D-5282-4B2F-84C7-DAF46D284380}.Release|Any CPU.ActiveCfg = Release|Any CPU
		{C57AA65D-5282-4B2F-84C7-DAF46D284380}.Release|Any CPU.Build.0 = Release|Any CPU
		{96F5E96A-B233-4E65-A114-1733DD1A49D5}.Debug|Any CPU.ActiveCfg = Debug|Any CPU
		{96F5E96A-B233-4E65-A114-1733DD1A49D5}.Debug|Any CPU.Build.0 = Debug|Any CPU
		{96F5E96A-B233-4E65-A114-1733DD1A49D5}.Release|Any CPU.ActiveCfg = Release|Any CPU
		{96F5E96A-B233-4E65-A114-1733DD1A49D5}.Release|Any CPU.Build.0 = Release|Any CPU
		{BFDE00E9-3C45-4EAF-8834-D73A3320496F}.Debug|Any CPU.ActiveCfg = Debug|Any CPU
		{BFDE00E9-3C45-4EAF-8834-D73A3320496F}.Debug|Any CPU.Build.0 = Debug|Any CPU
		{BFDE00E9-3C45-4EAF-8834-D73A3320496F}.Release|Any CPU.ActiveCfg = Release|Any CPU
		{BFDE00E9-3C45-4EAF-8834-D73A3320496F}.Release|Any CPU.Build.0 = Release|Any CPU
		{5C7D643F-6620-48E5-9966-EF30FD6E6272}.Debug|Any CPU.ActiveCfg = Debug|Any CPU
		{5C7D643F-6620-48E5-9966-EF30FD6E6272}.Debug|Any CPU.Build.0 = Debug|Any CPU
		{5C7D643F-6620-48E5-9966-EF30FD6E6272}.Release|Any CPU.ActiveCfg = Release|Any CPU
		{5C7D643F-6620-48E5-9966-EF30FD6E6272}.Release|Any CPU.Build.0 = Release|Any CPU
		{C38F7833-3953-4E1C-AF9C-1E9A2C3B738B}.Debug|Any CPU.ActiveCfg = Debug|Any CPU
		{C38F7833-3953-4E1C-AF9C-1E9A2C3B738B}.Debug|Any CPU.Build.0 = Debug|Any CPU
		{C38F7833-3953-4E1C-AF9C-1E9A2C3B738B}.Release|Any CPU.ActiveCfg = Release|Any CPU
		{C38F7833-3953-4E1C-AF9C-1E9A2C3B738B}.Release|Any CPU.Build.0 = Release|Any CPU
		{CDAE0EE0-6555-44F6-B1C3-FB7866318756}.Debug|Any CPU.ActiveCfg = Debug|Any CPU
		{CDAE0EE0-6555-44F6-B1C3-FB7866318756}.Debug|Any CPU.Build.0 = Debug|Any CPU
		{CDAE0EE0-6555-44F6-B1C3-FB7866318756}.Release|Any CPU.ActiveCfg = Release|Any CPU
		{CDAE0EE0-6555-44F6-B1C3-FB7866318756}.Release|Any CPU.Build.0 = Release|Any CPU
		{8A74E643-324D-4769-A8C5-2F013819A6DD}.Debug|Any CPU.ActiveCfg = Debug|Any CPU
		{8A74E643-324D-4769-A8C5-2F013819A6DD}.Debug|Any CPU.Build.0 = Debug|Any CPU
		{8A74E643-324D-4769-A8C5-2F013819A6DD}.Release|Any CPU.ActiveCfg = Release|Any CPU
		{8A74E643-324D-4769-A8C5-2F013819A6DD}.Release|Any CPU.Build.0 = Release|Any CPU
		{676D810A-B427-4865-9C9F-1883E6D59FE9}.Debug|Any CPU.ActiveCfg = Debug|Any CPU
		{676D810A-B427-4865-9C9F-1883E6D59FE9}.Debug|Any CPU.Build.0 = Debug|Any CPU
		{676D810A-B427-4865-9C9F-1883E6D59FE9}.Release|Any CPU.ActiveCfg = Release|Any CPU
		{676D810A-B427-4865-9C9F-1883E6D59FE9}.Release|Any CPU.Build.0 = Release|Any CPU
		{9E9089A2-2B27-4D35-BD0B-56AB1C3F2A9C}.Debug|Any CPU.ActiveCfg = Debug|Any CPU
		{9E9089A2-2B27-4D35-BD0B-56AB1C3F2A9C}.Debug|Any CPU.Build.0 = Debug|Any CPU
		{9E9089A2-2B27-4D35-BD0B-56AB1C3F2A9C}.Release|Any CPU.ActiveCfg = Release|Any CPU
		{9E9089A2-2B27-4D35-BD0B-56AB1C3F2A9C}.Release|Any CPU.Build.0 = Release|Any CPU
		{B8685B8C-0185-4CD4-B286-8F5990EFCCE7}.Debug|Any CPU.ActiveCfg = Debug|Any CPU
		{B8685B8C-0185-4CD4-B286-8F5990EFCCE7}.Debug|Any CPU.Build.0 = Debug|Any CPU
		{B8685B8C-0185-4CD4-B286-8F5990EFCCE7}.Release|Any CPU.ActiveCfg = Release|Any CPU
		{B8685B8C-0185-4CD4-B286-8F5990EFCCE7}.Release|Any CPU.Build.0 = Release|Any CPU
		{63AB10AD-3624-4CD5-A763-5755CA27324B}.Debug|Any CPU.ActiveCfg = Debug|Any CPU
		{63AB10AD-3624-4CD5-A763-5755CA27324B}.Debug|Any CPU.Build.0 = Debug|Any CPU
		{63AB10AD-3624-4CD5-A763-5755CA27324B}.Release|Any CPU.ActiveCfg = Release|Any CPU
		{63AB10AD-3624-4CD5-A763-5755CA27324B}.Release|Any CPU.Build.0 = Release|Any CPU
		{77180B05-2B7D-4256-B9CB-8B51E9D1D81D}.Debug|Any CPU.ActiveCfg = Debug|Any CPU
		{77180B05-2B7D-4256-B9CB-8B51E9D1D81D}.Debug|Any CPU.Build.0 = Debug|Any CPU
		{77180B05-2B7D-4256-B9CB-8B51E9D1D81D}.Release|Any CPU.ActiveCfg = Release|Any CPU
		{77180B05-2B7D-4256-B9CB-8B51E9D1D81D}.Release|Any CPU.Build.0 = Release|Any CPU
		{453FF257-3123-4B99-9811-CA1DE900A2D5}.Debug|Any CPU.ActiveCfg = Debug|Any CPU
		{453FF257-3123-4B99-9811-CA1DE900A2D5}.Debug|Any CPU.Build.0 = Debug|Any CPU
		{453FF257-3123-4B99-9811-CA1DE900A2D5}.Release|Any CPU.ActiveCfg = Release|Any CPU
		{453FF257-3123-4B99-9811-CA1DE900A2D5}.Release|Any CPU.Build.0 = Release|Any CPU
		{2A3BE905-9FA9-43CB-898B-FAE37A707696}.Debug|Any CPU.ActiveCfg = Debug|Any CPU
		{2A3BE905-9FA9-43CB-898B-FAE37A707696}.Debug|Any CPU.Build.0 = Debug|Any CPU
		{2A3BE905-9FA9-43CB-898B-FAE37A707696}.Release|Any CPU.ActiveCfg = Release|Any CPU
		{2A3BE905-9FA9-43CB-898B-FAE37A707696}.Release|Any CPU.Build.0 = Release|Any CPU
		{59A1C67F-284E-480A-A0B4-E9232FAC298A}.Debug|Any CPU.ActiveCfg = Debug|Any CPU
		{59A1C67F-284E-480A-A0B4-E9232FAC298A}.Debug|Any CPU.Build.0 = Debug|Any CPU
		{59A1C67F-284E-480A-A0B4-E9232FAC298A}.Release|Any CPU.ActiveCfg = Release|Any CPU
		{59A1C67F-284E-480A-A0B4-E9232FAC298A}.Release|Any CPU.Build.0 = Release|Any CPU
		{60E9C8DE-CAD1-4BC3-8BBD-249B0437FBEE}.Debug|Any CPU.ActiveCfg = Debug|Any CPU
		{60E9C8DE-CAD1-4BC3-8BBD-249B0437FBEE}.Debug|Any CPU.Build.0 = Debug|Any CPU
		{60E9C8DE-CAD1-4BC3-8BBD-249B0437FBEE}.Release|Any CPU.ActiveCfg = Release|Any CPU
		{60E9C8DE-CAD1-4BC3-8BBD-249B0437FBEE}.Release|Any CPU.Build.0 = Release|Any CPU
		{50A9C10F-B524-4BC8-B589-015634B6A2D6}.Debug|Any CPU.ActiveCfg = Debug|Any CPU
		{50A9C10F-B524-4BC8-B589-015634B6A2D6}.Debug|Any CPU.Build.0 = Debug|Any CPU
		{50A9C10F-B524-4BC8-B589-015634B6A2D6}.Release|Any CPU.ActiveCfg = Release|Any CPU
		{50A9C10F-B524-4BC8-B589-015634B6A2D6}.Release|Any CPU.Build.0 = Release|Any CPU
		{C5A8BC42-36E5-451A-98C2-742D99C03C5D}.Debug|Any CPU.ActiveCfg = Debug|Any CPU
		{C5A8BC42-36E5-451A-98C2-742D99C03C5D}.Debug|Any CPU.Build.0 = Debug|Any CPU
		{C5A8BC42-36E5-451A-98C2-742D99C03C5D}.Release|Any CPU.ActiveCfg = Release|Any CPU
		{C5A8BC42-36E5-451A-98C2-742D99C03C5D}.Release|Any CPU.Build.0 = Release|Any CPU
		{536CC3A3-DECA-4580-B631-120CBC89FDEF}.Debug|Any CPU.ActiveCfg = Debug|Any CPU
		{536CC3A3-DECA-4580-B631-120CBC89FDEF}.Debug|Any CPU.Build.0 = Debug|Any CPU
		{536CC3A3-DECA-4580-B631-120CBC89FDEF}.Release|Any CPU.ActiveCfg = Release|Any CPU
		{536CC3A3-DECA-4580-B631-120CBC89FDEF}.Release|Any CPU.Build.0 = Release|Any CPU
		{BB7C99FF-E9A6-4590-8AF3-D3CE93C3F37E}.Debug|Any CPU.ActiveCfg = Debug|Any CPU
		{BB7C99FF-E9A6-4590-8AF3-D3CE93C3F37E}.Debug|Any CPU.Build.0 = Debug|Any CPU
		{BB7C99FF-E9A6-4590-8AF3-D3CE93C3F37E}.Release|Any CPU.ActiveCfg = Release|Any CPU
		{BB7C99FF-E9A6-4590-8AF3-D3CE93C3F37E}.Release|Any CPU.Build.0 = Release|Any CPU
		{74E808AF-107A-4021-9D05-8136313E8E50}.Debug|Any CPU.ActiveCfg = Debug|Any CPU
		{74E808AF-107A-4021-9D05-8136313E8E50}.Debug|Any CPU.Build.0 = Debug|Any CPU
		{74E808AF-107A-4021-9D05-8136313E8E50}.Release|Any CPU.ActiveCfg = Release|Any CPU
		{74E808AF-107A-4021-9D05-8136313E8E50}.Release|Any CPU.Build.0 = Release|Any CPU
		{426DA8F5-E126-4EED-8111-5EC1AAF8EBBB}.Debug|Any CPU.ActiveCfg = Debug|Any CPU
		{426DA8F5-E126-4EED-8111-5EC1AAF8EBBB}.Debug|Any CPU.Build.0 = Debug|Any CPU
		{426DA8F5-E126-4EED-8111-5EC1AAF8EBBB}.Release|Any CPU.ActiveCfg = Release|Any CPU
		{426DA8F5-E126-4EED-8111-5EC1AAF8EBBB}.Release|Any CPU.Build.0 = Release|Any CPU
		{0B979782-3506-4DAC-89ED-FBE648666277}.Debug|Any CPU.ActiveCfg = Debug|Any CPU
		{0B979782-3506-4DAC-89ED-FBE648666277}.Debug|Any CPU.Build.0 = Debug|Any CPU
		{0B979782-3506-4DAC-89ED-FBE648666277}.Release|Any CPU.ActiveCfg = Release|Any CPU
		{0B979782-3506-4DAC-89ED-FBE648666277}.Release|Any CPU.Build.0 = Release|Any CPU
		{83F1CF06-CC30-4EE3-9AC2-8F6F5AA4A7EB}.Debug|Any CPU.ActiveCfg = Debug|Any CPU
		{83F1CF06-CC30-4EE3-9AC2-8F6F5AA4A7EB}.Debug|Any CPU.Build.0 = Debug|Any CPU
		{83F1CF06-CC30-4EE3-9AC2-8F6F5AA4A7EB}.Release|Any CPU.ActiveCfg = Release|Any CPU
		{83F1CF06-CC30-4EE3-9AC2-8F6F5AA4A7EB}.Release|Any CPU.Build.0 = Release|Any CPU
		{3FBBE85F-BA2D-4925-AA84-371A12710254}.Debug|Any CPU.ActiveCfg = Debug|Any CPU
		{3FBBE85F-BA2D-4925-AA84-371A12710254}.Debug|Any CPU.Build.0 = Debug|Any CPU
		{3FBBE85F-BA2D-4925-AA84-371A12710254}.Release|Any CPU.ActiveCfg = Release|Any CPU
		{3FBBE85F-BA2D-4925-AA84-371A12710254}.Release|Any CPU.Build.0 = Release|Any CPU
		{F8FB0C30-EDA5-4AA5-B558-E07D16257418}.Debug|Any CPU.ActiveCfg = Debug|Any CPU
		{F8FB0C30-EDA5-4AA5-B558-E07D16257418}.Debug|Any CPU.Build.0 = Debug|Any CPU
		{F8FB0C30-EDA5-4AA5-B558-E07D16257418}.Release|Any CPU.ActiveCfg = Release|Any CPU
		{F8FB0C30-EDA5-4AA5-B558-E07D16257418}.Release|Any CPU.Build.0 = Release|Any CPU
	EndGlobalSection
	GlobalSection(SolutionProperties) = preSolution
		HideSolutionNode = FALSE
	EndGlobalSection
	GlobalSection(NestedProjects) = preSolution
		{C0B70C19-FA51-4F92-BF74-D065749D4DB6} = {4CA3E86B-5BE4-4952-BE7F-418148CD4D2E}
		{7F6412BE-0596-492D-A152-098A67569351} = {4CA3E86B-5BE4-4952-BE7F-418148CD4D2E}
		{9349A072-F80E-4CB2-972A-2298671832B3} = {D0F453E2-AD78-4E48-A604-4113A79E3C7A}
		{BFDE00E9-3C45-4EAF-8834-D73A3320496F} = {D0F453E2-AD78-4E48-A604-4113A79E3C7A}
		{676D810A-B427-4865-9C9F-1883E6D59FE9} = {D0F453E2-AD78-4E48-A604-4113A79E3C7A}
		{B8685B8C-0185-4CD4-B286-8F5990EFCCE7} = {D0F453E2-AD78-4E48-A604-4113A79E3C7A}
		{63AB10AD-3624-4CD5-A763-5755CA27324B} = {D0F453E2-AD78-4E48-A604-4113A79E3C7A}
		{77180B05-2B7D-4256-B9CB-8B51E9D1D81D} = {D0F453E2-AD78-4E48-A604-4113A79E3C7A}
		{453FF257-3123-4B99-9811-CA1DE900A2D5} = {D0F453E2-AD78-4E48-A604-4113A79E3C7A}
		{2A3BE905-9FA9-43CB-898B-FAE37A707696} = {D0F453E2-AD78-4E48-A604-4113A79E3C7A}
		{50A9C10F-B524-4BC8-B589-015634B6A2D6} = {D0F453E2-AD78-4E48-A604-4113A79E3C7A}
		{C5A8BC42-36E5-451A-98C2-742D99C03C5D} = {D0F453E2-AD78-4E48-A604-4113A79E3C7A}
		{536CC3A3-DECA-4580-B631-120CBC89FDEF} = {D0F453E2-AD78-4E48-A604-4113A79E3C7A}
		{426DA8F5-E126-4EED-8111-5EC1AAF8EBBB} = {D0F453E2-AD78-4E48-A604-4113A79E3C7A}
		{0B979782-3506-4DAC-89ED-FBE648666277} = {D0F453E2-AD78-4E48-A604-4113A79E3C7A}
	EndGlobalSection
	GlobalSection(ExtensibilityGlobals) = postSolution
		SolutionGuid = {CAFDBBA1-285A-4590-BF35-774C3B64E118}
	EndGlobalSection
EndGlobal
