
Microsoft Visual Studio Solution File, Format Version 12.00
# Visual Studio 15
VisualStudioVersion = 15.0.27703.2026
MinimumVisualStudioVersion = 10.0.40219.1
Project("{FAE04EC0-301F-11D3-BF4B-00C04F79EFBC}") = "Olbrasoft.Travel.Web.Mvc", "Olbrasoft.Travel.Web.Mvc\Olbrasoft.Travel.Web.Mvc.csproj", "{45FF8307-64D7-4CED-B398-FBC833FB9BFE}"
EndProject
Project("{2150E333-8FDC-42A3-9474-1A3956D46DE8}") = "DataAccessLayer", "DataAccessLayer", "{6B7098EC-E9FD-414C-BC88-7D4BF78330BF}"
EndProject
Project("{FAE04EC0-301F-11D3-BF4B-00C04F79EFBC}") = "Olbrasoft.Travel.DataAccessLayer", "Olbrasoft.Travel.DataAccessLayer\Olbrasoft.Travel.DataAccessLayer.csproj", "{0D3BE7CB-5A9B-4883-A324-158615A6D656}"
EndProject
Project("{2150E333-8FDC-42A3-9474-1A3956D46DE8}") = "Entity", "Entity", "{646F988E-2666-45C3-BDAF-8C2E14C63F99}"
EndProject
Project("{FAE04EC0-301F-11D3-BF4B-00C04F79EFBC}") = "Olbrasoft.Travel.Data.Entity", "Olbrasoft.Travel.Data.Entity\Olbrasoft.Travel.Data.Entity.csproj", "{B47EE928-2611-4D10-8316-C1B0B1EE768B}"
EndProject
Project("{2150E333-8FDC-42A3-9474-1A3956D46DE8}") = "BusinessLogicLayer", "BusinessLogicLayer", "{C4A007F3-FC74-4E10-B153-F03C4CFA5F3D}"
EndProject
Project("{FAE04EC0-301F-11D3-BF4B-00C04F79EFBC}") = "Olbrasoft.Travel.BusinessLogicLayer", "Olbrasoft.Travel.BusinessLogicLayer\Olbrasoft.Travel.BusinessLogicLayer.csproj", "{5AD5D028-4C60-41E0-9EE1-B5055D361E64}"
EndProject
Project("{FAE04EC0-301F-11D3-BF4B-00C04F79EFBC}") = "Olbrasoft.Travel.BusinessLogicLayer.UnitTest", "Olbrasoft.Travel.BusinessLogicLayer.UnitTest\Olbrasoft.Travel.BusinessLogicLayer.UnitTest.csproj", "{032061CA-4CDC-4B7A-8DCD-862CF7A6CAAA}"
EndProject
Project("{9A19103F-16F7-4668-BE54-9A1E7A4F7556}") = "Olbrasoft.Travel.DataTransferObject", "Olbrasoft.Travel.DataTransferObject\Olbrasoft.Travel.DataTransferObject.csproj", "{909812E3-B95E-4F10-86E9-D3E73314DF00}"
EndProject
Project("{FAE04EC0-301F-11D3-BF4B-00C04F79EFBC}") = "Olbrasoft.Travel.Web.Mvc.UnitTest", "Olbrasoft.Travel.Web.Mvc.UnitTest\Olbrasoft.Travel.Web.Mvc.UnitTest.csproj", "{E8FEA2AC-08BB-4515-AF41-CAB94AB62391}"
EndProject
Project("{2150E333-8FDC-42A3-9474-1A3956D46DE8}") = "Shared", "Shared", "{4CA3E86B-5BE4-4952-BE7F-418148CD4D2E}"
EndProject
Project("{FAE04EC0-301F-11D3-BF4B-00C04F79EFBC}") = "Olbrasoft.Shared", "Olbrasoft.Shared\Olbrasoft.Shared.csproj", "{C0B70C19-FA51-4F92-BF74-D065749D4DB6}"
EndProject
Project("{FAE04EC0-301F-11D3-BF4B-00C04F79EFBC}") = "Olbrasoft.Shared.UnitTest", "Olbrasoft.Shared.UnitTest\Olbrasoft.Shared.UnitTest.csproj", "{7F6412BE-0596-492D-A152-098A67569351}"
EndProject
Project("{FAE04EC0-301F-11D3-BF4B-00C04F79EFBC}") = "Olbrasoft.DataAccessLayer.UnitTest", "Olbrasoft.DataAccessLayer.UnitTest\Olbrasoft.DataAccessLayer.UnitTest.csproj", "{D812E018-95BA-4455-9E04-5CFCF28EFD36}"
EndProject
Project("{FAE04EC0-301F-11D3-BF4B-00C04F79EFBC}") = "Olbrasoft.DataAccessLayer", "Olbrasoft.DataAccessLayer\Olbrasoft.DataAccessLayer.csproj", "{A4F4B929-C064-4146-801F-F4242EB2A7C4}"
EndProject
Global
	GlobalSection(SolutionConfigurationPlatforms) = preSolution
		Debug|Any CPU = Debug|Any CPU
		Release|Any CPU = Release|Any CPU
	EndGlobalSection
	GlobalSection(ProjectConfigurationPlatforms) = postSolution
		{45FF8307-64D7-4CED-B398-FBC833FB9BFE}.Debug|Any CPU.ActiveCfg = Debug|Any CPU
		{45FF8307-64D7-4CED-B398-FBC833FB9BFE}.Debug|Any CPU.Build.0 = Debug|Any CPU
		{45FF8307-64D7-4CED-B398-FBC833FB9BFE}.Release|Any CPU.ActiveCfg = Release|Any CPU
		{45FF8307-64D7-4CED-B398-FBC833FB9BFE}.Release|Any CPU.Build.0 = Release|Any CPU
		{0D3BE7CB-5A9B-4883-A324-158615A6D656}.Debug|Any CPU.ActiveCfg = Debug|Any CPU
		{0D3BE7CB-5A9B-4883-A324-158615A6D656}.Debug|Any CPU.Build.0 = Debug|Any CPU
		{0D3BE7CB-5A9B-4883-A324-158615A6D656}.Release|Any CPU.ActiveCfg = Release|Any CPU
		{0D3BE7CB-5A9B-4883-A324-158615A6D656}.Release|Any CPU.Build.0 = Release|Any CPU
		{B47EE928-2611-4D10-8316-C1B0B1EE768B}.Debug|Any CPU.ActiveCfg = Debug|Any CPU
		{B47EE928-2611-4D10-8316-C1B0B1EE768B}.Debug|Any CPU.Build.0 = Debug|Any CPU
		{B47EE928-2611-4D10-8316-C1B0B1EE768B}.Release|Any CPU.ActiveCfg = Release|Any CPU
		{B47EE928-2611-4D10-8316-C1B0B1EE768B}.Release|Any CPU.Build.0 = Release|Any CPU
		{5AD5D028-4C60-41E0-9EE1-B5055D361E64}.Debug|Any CPU.ActiveCfg = Debug|Any CPU
		{5AD5D028-4C60-41E0-9EE1-B5055D361E64}.Debug|Any CPU.Build.0 = Debug|Any CPU
		{5AD5D028-4C60-41E0-9EE1-B5055D361E64}.Release|Any CPU.ActiveCfg = Release|Any CPU
		{5AD5D028-4C60-41E0-9EE1-B5055D361E64}.Release|Any CPU.Build.0 = Release|Any CPU
		{032061CA-4CDC-4B7A-8DCD-862CF7A6CAAA}.Debug|Any CPU.ActiveCfg = Debug|Any CPU
		{032061CA-4CDC-4B7A-8DCD-862CF7A6CAAA}.Debug|Any CPU.Build.0 = Debug|Any CPU
		{032061CA-4CDC-4B7A-8DCD-862CF7A6CAAA}.Release|Any CPU.ActiveCfg = Release|Any CPU
		{032061CA-4CDC-4B7A-8DCD-862CF7A6CAAA}.Release|Any CPU.Build.0 = Release|Any CPU
		{909812E3-B95E-4F10-86E9-D3E73314DF00}.Debug|Any CPU.ActiveCfg = Debug|Any CPU
		{909812E3-B95E-4F10-86E9-D3E73314DF00}.Debug|Any CPU.Build.0 = Debug|Any CPU
		{909812E3-B95E-4F10-86E9-D3E73314DF00}.Release|Any CPU.ActiveCfg = Release|Any CPU
		{909812E3-B95E-4F10-86E9-D3E73314DF00}.Release|Any CPU.Build.0 = Release|Any CPU
		{E8FEA2AC-08BB-4515-AF41-CAB94AB62391}.Debug|Any CPU.ActiveCfg = Debug|Any CPU
		{E8FEA2AC-08BB-4515-AF41-CAB94AB62391}.Debug|Any CPU.Build.0 = Debug|Any CPU
		{E8FEA2AC-08BB-4515-AF41-CAB94AB62391}.Release|Any CPU.ActiveCfg = Release|Any CPU
		{E8FEA2AC-08BB-4515-AF41-CAB94AB62391}.Release|Any CPU.Build.0 = Release|Any CPU
		{C0B70C19-FA51-4F92-BF74-D065749D4DB6}.Debug|Any CPU.ActiveCfg = Debug|Any CPU
		{C0B70C19-FA51-4F92-BF74-D065749D4DB6}.Debug|Any CPU.Build.0 = Debug|Any CPU
		{C0B70C19-FA51-4F92-BF74-D065749D4DB6}.Release|Any CPU.ActiveCfg = Release|Any CPU
		{C0B70C19-FA51-4F92-BF74-D065749D4DB6}.Release|Any CPU.Build.0 = Release|Any CPU
		{7F6412BE-0596-492D-A152-098A67569351}.Debug|Any CPU.ActiveCfg = Debug|Any CPU
		{7F6412BE-0596-492D-A152-098A67569351}.Debug|Any CPU.Build.0 = Debug|Any CPU
		{7F6412BE-0596-492D-A152-098A67569351}.Release|Any CPU.ActiveCfg = Release|Any CPU
		{7F6412BE-0596-492D-A152-098A67569351}.Release|Any CPU.Build.0 = Release|Any CPU
		{D812E018-95BA-4455-9E04-5CFCF28EFD36}.Debug|Any CPU.ActiveCfg = Debug|Any CPU
		{D812E018-95BA-4455-9E04-5CFCF28EFD36}.Debug|Any CPU.Build.0 = Debug|Any CPU
		{D812E018-95BA-4455-9E04-5CFCF28EFD36}.Release|Any CPU.ActiveCfg = Release|Any CPU
		{D812E018-95BA-4455-9E04-5CFCF28EFD36}.Release|Any CPU.Build.0 = Release|Any CPU
		{A4F4B929-C064-4146-801F-F4242EB2A7C4}.Debug|Any CPU.ActiveCfg = Debug|Any CPU
		{A4F4B929-C064-4146-801F-F4242EB2A7C4}.Debug|Any CPU.Build.0 = Debug|Any CPU
		{A4F4B929-C064-4146-801F-F4242EB2A7C4}.Release|Any CPU.ActiveCfg = Release|Any CPU
		{A4F4B929-C064-4146-801F-F4242EB2A7C4}.Release|Any CPU.Build.0 = Release|Any CPU
	EndGlobalSection
	GlobalSection(SolutionProperties) = preSolution
		HideSolutionNode = FALSE
	EndGlobalSection
	GlobalSection(NestedProjects) = preSolution
		{0D3BE7CB-5A9B-4883-A324-158615A6D656} = {6B7098EC-E9FD-414C-BC88-7D4BF78330BF}
		{B47EE928-2611-4D10-8316-C1B0B1EE768B} = {646F988E-2666-45C3-BDAF-8C2E14C63F99}
		{5AD5D028-4C60-41E0-9EE1-B5055D361E64} = {C4A007F3-FC74-4E10-B153-F03C4CFA5F3D}
		{032061CA-4CDC-4B7A-8DCD-862CF7A6CAAA} = {C4A007F3-FC74-4E10-B153-F03C4CFA5F3D}
		{C0B70C19-FA51-4F92-BF74-D065749D4DB6} = {4CA3E86B-5BE4-4952-BE7F-418148CD4D2E}
		{7F6412BE-0596-492D-A152-098A67569351} = {4CA3E86B-5BE4-4952-BE7F-418148CD4D2E}
		{D812E018-95BA-4455-9E04-5CFCF28EFD36} = {6B7098EC-E9FD-414C-BC88-7D4BF78330BF}
		{A4F4B929-C064-4146-801F-F4242EB2A7C4} = {6B7098EC-E9FD-414C-BC88-7D4BF78330BF}
	EndGlobalSection
	GlobalSection(ExtensibilityGlobals) = postSolution
		SolutionGuid = {CAFDBBA1-285A-4590-BF35-774C3B64E118}
	EndGlobalSection
EndGlobal
