
Microsoft Visual Studio Solution File, Format Version 12.00
# Visual Studio 15
VisualStudioVersion = 15.0.27703.2026
MinimumVisualStudioVersion = 10.0.40219.1
Project("{FAE04EC0-301F-11D3-BF4B-00C04F79EFBC}") = "Olbrasoft.Travel.Web.Mvc", "Olbrasoft.Travel.Web.Mvc\Olbrasoft.Travel.Web.Mvc.csproj", "{45FF8307-64D7-4CED-B398-FBC833FB9BFE}"
EndProject
Project("{2150E333-8FDC-42A3-9474-1A3956D46DE8}") = "DataAccessLayer", "DataAccessLayer", "{6B7098EC-E9FD-414C-BC88-7D4BF78330BF}"
EndProject
Project("{FAE04EC0-301F-11D3-BF4B-00C04F79EFBC}") = "Olbrasoft.Travel.DataAccessLayer", "Olbrasoft.Travel.DataAccessLayer\Olbrasoft.Travel.DataAccessLayer.csproj", "{0D3BE7CB-5A9B-4883-A324-158615A6D656}"
EndProject
Project("{2150E333-8FDC-42A3-9474-1A3956D46DE8}") = "Entities", "Entities", "{646F988E-2666-45C3-BDAF-8C2E14C63F99}"
EndProject
Project("{FAE04EC0-301F-11D3-BF4B-00C04F79EFBC}") = "Olbrasoft.Travel.Data.Entity", "Olbrasoft.Travel.Data.Entity\Olbrasoft.Travel.Data.Entity.csproj", "{B47EE928-2611-4D10-8316-C1B0B1EE768B}"
EndProject
Project("{2150E333-8FDC-42A3-9474-1A3956D46DE8}") = "BusinessLogicLayer", "BusinessLogicLayer", "{C4A007F3-FC74-4E10-B153-F03C4CFA5F3D}"
EndProject
Project("{FAE04EC0-301F-11D3-BF4B-00C04F79EFBC}") = "Olbrasoft.Travel.BusinessLogicLayer", "Olbrasoft.Travel.BusinessLogicLayer\Olbrasoft.Travel.BusinessLogicLayer.csproj", "{5AD5D028-4C60-41E0-9EE1-B5055D361E64}"
EndProject
Project("{2150E333-8FDC-42A3-9474-1A3956D46DE8}") = "Shared", "Shared", "{4CA3E86B-5BE4-4952-BE7F-418148CD4D2E}"
EndProject
Project("{FAE04EC0-301F-11D3-BF4B-00C04F79EFBC}") = "Olbrasoft.Shared", "Olbrasoft.Shared\Olbrasoft.Shared.csproj", "{C0B70C19-FA51-4F92-BF74-D065749D4DB6}"
EndProject
Project("{FAE04EC0-301F-11D3-BF4B-00C04F79EFBC}") = "Olbrasoft.Shared.UnitTest", "Olbrasoft.Shared.UnitTest\Olbrasoft.Shared.UnitTest.csproj", "{7F6412BE-0596-492D-A152-098A67569351}"
EndProject
Project("{FAE04EC0-301F-11D3-BF4B-00C04F79EFBC}") = "Olbrasoft.DataAccessLayer.UnitTest", "Olbrasoft.DataAccessLayer.UnitTest\Olbrasoft.DataAccessLayer.UnitTest.csproj", "{D812E018-95BA-4455-9E04-5CFCF28EFD36}"
EndProject
Project("{FAE04EC0-301F-11D3-BF4B-00C04F79EFBC}") = "Olbrasoft.DataAccessLayer", "Olbrasoft.DataAccessLayer\Olbrasoft.DataAccessLayer.csproj", "{A4F4B929-C064-4146-801F-F4242EB2A7C4}"
EndProject
Project("{FAE04EC0-301F-11D3-BF4B-00C04F79EFBC}") = "Olbrasoft.Travel.ExpediaAffiliateNetwork", "Olbrasoft.Travel.ExpediaAffiliateNetwork\Olbrasoft.Travel.ExpediaAffiliateNetwork.csproj", "{E091F518-1897-4AB5-87E8-EAADCC0F7515}"
EndProject
Project("{FAE04EC0-301F-11D3-BF4B-00C04F79EFBC}") = "Olbrasoft.Travel.Data.Entity.UnitTest", "Olbrasoft.Travel.Data.Entity.UnitTest\Olbrasoft.Travel.Data.Entity.UnitTest.csproj", "{8EDF4429-251A-416D-BB68-93F227191BCF}"
EndProject
Project("{FAE04EC0-301F-11D3-BF4B-00C04F79EFBC}") = "Olbrasoft.Design.Pattern.UnitTest", "Olbrasoft.Design.Pattern.UnitTest\Olbrasoft.Design.Pattern.UnitTest.csproj", "{676D810A-B427-4865-9C9F-1883E6D59FE9}"
EndProject
Project("{FAE04EC0-301F-11D3-BF4B-00C04F79EFBC}") = "Olbrasoft.Design.Pattern", "Olbrasoft.Design.Pattern\Olbrasoft.Design.Pattern.csproj", "{3F5C7AE5-8796-44B4-84D2-1617E0CC308E}"
EndProject
Project("{FAE04EC0-301F-11D3-BF4B-00C04F79EFBC}") = "Olbrasoft.Data.Entity", "Olbrasoft.Data.Entity\Olbrasoft.Data.Entity.csproj", "{A48273CE-118C-414A-8E5C-E7AEB1FBD921}"
EndProject
Project("{FAE04EC0-301F-11D3-BF4B-00C04F79EFBC}") = "Olbrasoft.Data.Entity.UnitTest", "Olbrasoft.Data.Entity.UnitTest\Olbrasoft.Data.Entity.UnitTest.csproj", "{36AA3759-4E9A-4858-A260-2451423A8D47}"
EndProject
Project("{FAE04EC0-301F-11D3-BF4B-00C04F79EFBC}") = "Olbrasoft.Travel.BusinessLogicLayer.UnitTest", "Olbrasoft.Travel.BusinessLogicLayer.UnitTest\Olbrasoft.Travel.BusinessLogicLayer.UnitTest.csproj", "{A90A1AAC-DE8B-4440-A858-C0F796FF3347}"
EndProject
Project("{2150E333-8FDC-42A3-9474-1A3956D46DE8}") = "Tests", "Tests", "{D0F453E2-AD78-4E48-A604-4113A79E3C7A}"
EndProject
Project("{FAE04EC0-301F-11D3-BF4B-00C04F79EFBC}") = "Olbrasoft.Pagination", "Olbrasoft.Pagination\Olbrasoft.Pagination.csproj", "{91D6B045-C17B-4907-8058-A4DAE3F1DD49}"
EndProject
Project("{FAE04EC0-301F-11D3-BF4B-00C04F79EFBC}") = "Olbrasoft.Pagination.UnitTest", "Olbrasoft.Pagination.UnitTest\Olbrasoft.Pagination.UnitTest.csproj", "{9349A072-F80E-4CB2-972A-2298671832B3}"
EndProject
Project("{FAE04EC0-301F-11D3-BF4B-00C04F79EFBC}") = "Olbrasoft.Travel.ExpediaAffiliateNetwork.Import", "Olbrasoft.Travel.ExpediaAffiliateNetwork.Import\Olbrasoft.Travel.ExpediaAffiliateNetwork.Import.csproj", "{C57AA65D-5282-4B2F-84C7-DAF46D284380}"
EndProject
Project("{FAE04EC0-301F-11D3-BF4B-00C04F79EFBC}") = "Olbrasoft.Travel.DataAccessLayer.EntityFramework", "Olbrasoft.Travel.DataAccessLayer.EntityFramework\Olbrasoft.Travel.DataAccessLayer.EntityFramework.csproj", "{B418D540-324D-46CB-B10F-6AEE050ACEC5}"
EndProject
Project("{FAE04EC0-301F-11D3-BF4B-00C04F79EFBC}") = "Olbrasoft.Travel.Data.Transfer.Objects", "Olbrasoft.Travel.Data.Transfer.Objects\Olbrasoft.Travel.Data.Transfer.Objects.csproj", "{145FB572-FACE-4A40-B3F5-78DFCFF72F77}"
EndProject
Project("{FAE04EC0-301F-11D3-BF4B-00C04F79EFBC}") = "Olbrasoft.Travel.Data.Transfer.Objects.UnitTest", "Olbrasoft.Travel.Data.Transfer.Objects.UnitTest\Olbrasoft.Travel.Data.Transfer.Objects.UnitTest.csproj", "{D9440857-6E77-40CF-B9A3-DA43E0F6D8A0}"
EndProject
Project("{FAE04EC0-301F-11D3-BF4B-00C04F79EFBC}") = "Olbrasoft.Data.Entity.Bulk", "Olbrasoft.Data.Entity.Bulk\Olbrasoft.Data.Entity.Bulk.csproj", "{96F5E96A-B233-4E65-A114-1733DD1A49D5}"
EndProject
Global
	GlobalSection(SolutionConfigurationPlatforms) = preSolution
		Debug|Any CPU = Debug|Any CPU
		Release|Any CPU = Release|Any CPU
	EndGlobalSection
	GlobalSection(ProjectConfigurationPlatforms) = postSolution
		{45FF8307-64D7-4CED-B398-FBC833FB9BFE}.Debug|Any CPU.ActiveCfg = Debug|Any CPU
		{45FF8307-64D7-4CED-B398-FBC833FB9BFE}.Debug|Any CPU.Build.0 = Debug|Any CPU
		{45FF8307-64D7-4CED-B398-FBC833FB9BFE}.Release|Any CPU.ActiveCfg = Release|Any CPU
		{45FF8307-64D7-4CED-B398-FBC833FB9BFE}.Release|Any CPU.Build.0 = Release|Any CPU
		{0D3BE7CB-5A9B-4883-A324-158615A6D656}.Debug|Any CPU.ActiveCfg = Debug|Any CPU
		{0D3BE7CB-5A9B-4883-A324-158615A6D656}.Debug|Any CPU.Build.0 = Debug|Any CPU
		{0D3BE7CB-5A9B-4883-A324-158615A6D656}.Release|Any CPU.ActiveCfg = Release|Any CPU
		{0D3BE7CB-5A9B-4883-A324-158615A6D656}.Release|Any CPU.Build.0 = Release|Any CPU
		{B47EE928-2611-4D10-8316-C1B0B1EE768B}.Debug|Any CPU.ActiveCfg = Debug|Any CPU
		{B47EE928-2611-4D10-8316-C1B0B1EE768B}.Debug|Any CPU.Build.0 = Debug|Any CPU
		{B47EE928-2611-4D10-8316-C1B0B1EE768B}.Release|Any CPU.ActiveCfg = Release|Any CPU
		{B47EE928-2611-4D10-8316-C1B0B1EE768B}.Release|Any CPU.Build.0 = Release|Any CPU
		{5AD5D028-4C60-41E0-9EE1-B5055D361E64}.Debug|Any CPU.ActiveCfg = Debug|Any CPU
		{5AD5D028-4C60-41E0-9EE1-B5055D361E64}.Debug|Any CPU.Build.0 = Debug|Any CPU
		{5AD5D028-4C60-41E0-9EE1-B5055D361E64}.Release|Any CPU.ActiveCfg = Release|Any CPU
		{5AD5D028-4C60-41E0-9EE1-B5055D361E64}.Release|Any CPU.Build.0 = Release|Any CPU
		{C0B70C19-FA51-4F92-BF74-D065749D4DB6}.Debug|Any CPU.ActiveCfg = Debug|Any CPU
		{C0B70C19-FA51-4F92-BF74-D065749D4DB6}.Debug|Any CPU.Build.0 = Debug|Any CPU
		{C0B70C19-FA51-4F92-BF74-D065749D4DB6}.Release|Any CPU.ActiveCfg = Release|Any CPU
		{C0B70C19-FA51-4F92-BF74-D065749D4DB6}.Release|Any CPU.Build.0 = Release|Any CPU
		{7F6412BE-0596-492D-A152-098A67569351}.Debug|Any CPU.ActiveCfg = Debug|Any CPU
		{7F6412BE-0596-492D-A152-098A67569351}.Debug|Any CPU.Build.0 = Debug|Any CPU
		{7F6412BE-0596-492D-A152-098A67569351}.Release|Any CPU.ActiveCfg = Release|Any CPU
		{7F6412BE-0596-492D-A152-098A67569351}.Release|Any CPU.Build.0 = Release|Any CPU
		{D812E018-95BA-4455-9E04-5CFCF28EFD36}.Debug|Any CPU.ActiveCfg = Debug|Any CPU
		{D812E018-95BA-4455-9E04-5CFCF28EFD36}.Debug|Any CPU.Build.0 = Debug|Any CPU
		{D812E018-95BA-4455-9E04-5CFCF28EFD36}.Release|Any CPU.ActiveCfg = Release|Any CPU
		{D812E018-95BA-4455-9E04-5CFCF28EFD36}.Release|Any CPU.Build.0 = Release|Any CPU
		{A4F4B929-C064-4146-801F-F4242EB2A7C4}.Debug|Any CPU.ActiveCfg = Debug|Any CPU
		{A4F4B929-C064-4146-801F-F4242EB2A7C4}.Debug|Any CPU.Build.0 = Debug|Any CPU
		{A4F4B929-C064-4146-801F-F4242EB2A7C4}.Release|Any CPU.ActiveCfg = Release|Any CPU
		{A4F4B929-C064-4146-801F-F4242EB2A7C4}.Release|Any CPU.Build.0 = Release|Any CPU
		{E091F518-1897-4AB5-87E8-EAADCC0F7515}.Debug|Any CPU.ActiveCfg = Debug|Any CPU
		{E091F518-1897-4AB5-87E8-EAADCC0F7515}.Debug|Any CPU.Build.0 = Debug|Any CPU
		{E091F518-1897-4AB5-87E8-EAADCC0F7515}.Release|Any CPU.ActiveCfg = Release|Any CPU
		{E091F518-1897-4AB5-87E8-EAADCC0F7515}.Release|Any CPU.Build.0 = Release|Any CPU
		{8EDF4429-251A-416D-BB68-93F227191BCF}.Debug|Any CPU.ActiveCfg = Debug|Any CPU
		{8EDF4429-251A-416D-BB68-93F227191BCF}.Debug|Any CPU.Build.0 = Debug|Any CPU
		{8EDF4429-251A-416D-BB68-93F227191BCF}.Release|Any CPU.ActiveCfg = Release|Any CPU
		{8EDF4429-251A-416D-BB68-93F227191BCF}.Release|Any CPU.Build.0 = Release|Any CPU
		{676D810A-B427-4865-9C9F-1883E6D59FE9}.Debug|Any CPU.ActiveCfg = Debug|Any CPU
		{676D810A-B427-4865-9C9F-1883E6D59FE9}.Debug|Any CPU.Build.0 = Debug|Any CPU
		{676D810A-B427-4865-9C9F-1883E6D59FE9}.Release|Any CPU.ActiveCfg = Release|Any CPU
		{676D810A-B427-4865-9C9F-1883E6D59FE9}.Release|Any CPU.Build.0 = Release|Any CPU
		{3F5C7AE5-8796-44B4-84D2-1617E0CC308E}.Debug|Any CPU.ActiveCfg = Debug|Any CPU
		{3F5C7AE5-8796-44B4-84D2-1617E0CC308E}.Debug|Any CPU.Build.0 = Debug|Any CPU
		{3F5C7AE5-8796-44B4-84D2-1617E0CC308E}.Release|Any CPU.ActiveCfg = Release|Any CPU
		{3F5C7AE5-8796-44B4-84D2-1617E0CC308E}.Release|Any CPU.Build.0 = Release|Any CPU
		{A48273CE-118C-414A-8E5C-E7AEB1FBD921}.Debug|Any CPU.ActiveCfg = Debug|Any CPU
		{A48273CE-118C-414A-8E5C-E7AEB1FBD921}.Debug|Any CPU.Build.0 = Debug|Any CPU
		{A48273CE-118C-414A-8E5C-E7AEB1FBD921}.Release|Any CPU.ActiveCfg = Release|Any CPU
		{A48273CE-118C-414A-8E5C-E7AEB1FBD921}.Release|Any CPU.Build.0 = Release|Any CPU
		{36AA3759-4E9A-4858-A260-2451423A8D47}.Debug|Any CPU.ActiveCfg = Debug|Any CPU
		{36AA3759-4E9A-4858-A260-2451423A8D47}.Debug|Any CPU.Build.0 = Debug|Any CPU
		{36AA3759-4E9A-4858-A260-2451423A8D47}.Release|Any CPU.ActiveCfg = Release|Any CPU
		{36AA3759-4E9A-4858-A260-2451423A8D47}.Release|Any CPU.Build.0 = Release|Any CPU
		{A90A1AAC-DE8B-4440-A858-C0F796FF3347}.Debug|Any CPU.ActiveCfg = Debug|Any CPU
		{A90A1AAC-DE8B-4440-A858-C0F796FF3347}.Debug|Any CPU.Build.0 = Debug|Any CPU
		{A90A1AAC-DE8B-4440-A858-C0F796FF3347}.Release|Any CPU.ActiveCfg = Release|Any CPU
		{A90A1AAC-DE8B-4440-A858-C0F796FF3347}.Release|Any CPU.Build.0 = Release|Any CPU
		{91D6B045-C17B-4907-8058-A4DAE3F1DD49}.Debug|Any CPU.ActiveCfg = Debug|Any CPU
		{91D6B045-C17B-4907-8058-A4DAE3F1DD49}.Debug|Any CPU.Build.0 = Debug|Any CPU
		{91D6B045-C17B-4907-8058-A4DAE3F1DD49}.Release|Any CPU.ActiveCfg = Release|Any CPU
		{91D6B045-C17B-4907-8058-A4DAE3F1DD49}.Release|Any CPU.Build.0 = Release|Any CPU
		{9349A072-F80E-4CB2-972A-2298671832B3}.Debug|Any CPU.ActiveCfg = Debug|Any CPU
		{9349A072-F80E-4CB2-972A-2298671832B3}.Debug|Any CPU.Build.0 = Debug|Any CPU
		{9349A072-F80E-4CB2-972A-2298671832B3}.Release|Any CPU.ActiveCfg = Release|Any CPU
		{9349A072-F80E-4CB2-972A-2298671832B3}.Release|Any CPU.Build.0 = Release|Any CPU
		{C57AA65D-5282-4B2F-84C7-DAF46D284380}.Debug|Any CPU.ActiveCfg = Debug|Any CPU
		{C57AA65D-5282-4B2F-84C7-DAF46D284380}.Debug|Any CPU.Build.0 = Debug|Any CPU
		{C57AA65D-5282-4B2F-84C7-DAF46D284380}.Release|Any CPU.ActiveCfg = Release|Any CPU
		{C57AA65D-5282-4B2F-84C7-DAF46D284380}.Release|Any CPU.Build.0 = Release|Any CPU
		{B418D540-324D-46CB-B10F-6AEE050ACEC5}.Debug|Any CPU.ActiveCfg = Debug|Any CPU
		{B418D540-324D-46CB-B10F-6AEE050ACEC5}.Debug|Any CPU.Build.0 = Debug|Any CPU
		{B418D540-324D-46CB-B10F-6AEE050ACEC5}.Release|Any CPU.ActiveCfg = Release|Any CPU
		{B418D540-324D-46CB-B10F-6AEE050ACEC5}.Release|Any CPU.Build.0 = Release|Any CPU
		{145FB572-FACE-4A40-B3F5-78DFCFF72F77}.Debug|Any CPU.ActiveCfg = Debug|Any CPU
		{145FB572-FACE-4A40-B3F5-78DFCFF72F77}.Debug|Any CPU.Build.0 = Debug|Any CPU
		{145FB572-FACE-4A40-B3F5-78DFCFF72F77}.Release|Any CPU.ActiveCfg = Release|Any CPU
		{145FB572-FACE-4A40-B3F5-78DFCFF72F77}.Release|Any CPU.Build.0 = Release|Any CPU
		{D9440857-6E77-40CF-B9A3-DA43E0F6D8A0}.Debug|Any CPU.ActiveCfg = Debug|Any CPU
		{D9440857-6E77-40CF-B9A3-DA43E0F6D8A0}.Debug|Any CPU.Build.0 = Debug|Any CPU
		{D9440857-6E77-40CF-B9A3-DA43E0F6D8A0}.Release|Any CPU.ActiveCfg = Release|Any CPU
		{D9440857-6E77-40CF-B9A3-DA43E0F6D8A0}.Release|Any CPU.Build.0 = Release|Any CPU
		{96F5E96A-B233-4E65-A114-1733DD1A49D5}.Debug|Any CPU.ActiveCfg = Debug|Any CPU
		{96F5E96A-B233-4E65-A114-1733DD1A49D5}.Debug|Any CPU.Build.0 = Debug|Any CPU
		{96F5E96A-B233-4E65-A114-1733DD1A49D5}.Release|Any CPU.ActiveCfg = Release|Any CPU
		{96F5E96A-B233-4E65-A114-1733DD1A49D5}.Release|Any CPU.Build.0 = Release|Any CPU
	EndGlobalSection
	GlobalSection(SolutionProperties) = preSolution
		HideSolutionNode = FALSE
	EndGlobalSection
	GlobalSection(NestedProjects) = preSolution
		{0D3BE7CB-5A9B-4883-A324-158615A6D656} = {6B7098EC-E9FD-414C-BC88-7D4BF78330BF}
		{B47EE928-2611-4D10-8316-C1B0B1EE768B} = {646F988E-2666-45C3-BDAF-8C2E14C63F99}
		{5AD5D028-4C60-41E0-9EE1-B5055D361E64} = {C4A007F3-FC74-4E10-B153-F03C4CFA5F3D}
		{C0B70C19-FA51-4F92-BF74-D065749D4DB6} = {4CA3E86B-5BE4-4952-BE7F-418148CD4D2E}
		{7F6412BE-0596-492D-A152-098A67569351} = {4CA3E86B-5BE4-4952-BE7F-418148CD4D2E}
		{D812E018-95BA-4455-9E04-5CFCF28EFD36} = {6B7098EC-E9FD-414C-BC88-7D4BF78330BF}
		{A4F4B929-C064-4146-801F-F4242EB2A7C4} = {6B7098EC-E9FD-414C-BC88-7D4BF78330BF}
		{8EDF4429-251A-416D-BB68-93F227191BCF} = {646F988E-2666-45C3-BDAF-8C2E14C63F99}
		{676D810A-B427-4865-9C9F-1883E6D59FE9} = {D0F453E2-AD78-4E48-A604-4113A79E3C7A}
		{A48273CE-118C-414A-8E5C-E7AEB1FBD921} = {646F988E-2666-45C3-BDAF-8C2E14C63F99}
		{36AA3759-4E9A-4858-A260-2451423A8D47} = {646F988E-2666-45C3-BDAF-8C2E14C63F99}
		{A90A1AAC-DE8B-4440-A858-C0F796FF3347} = {C4A007F3-FC74-4E10-B153-F03C4CFA5F3D}
		{9349A072-F80E-4CB2-972A-2298671832B3} = {D0F453E2-AD78-4E48-A604-4113A79E3C7A}
		{D9440857-6E77-40CF-B9A3-DA43E0F6D8A0} = {D0F453E2-AD78-4E48-A604-4113A79E3C7A}
	EndGlobalSection
	GlobalSection(ExtensibilityGlobals) = postSolution
		SolutionGuid = {CAFDBBA1-285A-4590-BF35-774C3B64E118}
	EndGlobalSection
EndGlobal
