
Microsoft Visual Studio Solution File, Format Version 12.00
# Visual Studio 15
VisualStudioVersion = 15.0.27703.2026
MinimumVisualStudioVersion = 10.0.40219.1
Project("{FAE04EC0-301F-11D3-BF4B-00C04F79EFBC}") = "ClassLibrary1", "ClassLibrary1\ClassLibrary1.csproj", "{EA8DE169-3511-4AC4-B61E-4FF2F2CC9326}"
EndProject
Global
	GlobalSection(SolutionConfigurationPlatforms) = preSolution
		Debug|Any CPU = Debug|Any CPU
		Release|Any CPU = Release|Any CPU
	EndGlobalSection
	GlobalSection(ProjectConfigurationPlatforms) = postSolution
		{EA8DE169-3511-4AC4-B61E-4FF2F2CC9326}.Debug|Any CPU.ActiveCfg = Debug|Any CPU
		{EA8DE169-3511-4AC4-B61E-4FF2F2CC9326}.Debug|Any CPU.Build.0 = Debug|Any CPU
		{EA8DE169-3511-4AC4-B61E-4FF2F2CC9326}.Release|Any CPU.ActiveCfg = Release|Any CPU
		{EA8DE169-3511-4AC4-B61E-4FF2F2CC9326}.Release|Any CPU.Build.0 = Release|Any CPU
	EndGlobalSection
	GlobalSection(SolutionProperties) = preSolution
		HideSolutionNode = FALSE
	EndGlobalSection
	GlobalSection(ExtensibilityGlobals) = postSolution
		SolutionGuid = {C1700092-F8BB-45B7-ACCE-8806EFA6DC52}
	EndGlobalSection
EndGlobal
